
Microsoft Visual Studio Solution File, Format Version 12.00
Project("{FAE04EC0-301F-11D3-BF4B-00C04F79EFBC}") = "ProtoTinkr", "ProtoTinkr\ProtoTinkr.csproj", "{6ADF1787-AB60-4C84-8DAE-A01BA99C99D5}"
EndProject
Project("{FAE04EC0-301F-11D3-BF4B-00C04F79EFBC}") = "ProtoTinkr.UnitTest", "ProtoTinkr.UnitTest\ProtoTinkr.UnitTest.csproj", "{15B99F16-9F7F-4E65-B8A1-6FBC09350476}"
EndProject
Global
	GlobalSection(SolutionConfigurationPlatforms) = preSolution
		Debug|Any CPU = Debug|Any CPU
		Release|Any CPU = Release|Any CPU
	EndGlobalSection
	GlobalSection(ProjectConfigurationPlatforms) = postSolution
		{6ADF1787-AB60-4C84-8DAE-A01BA99C99D5}.Debug|Any CPU.ActiveCfg = Debug|Any CPU
		{6ADF1787-AB60-4C84-8DAE-A01BA99C99D5}.Debug|Any CPU.Build.0 = Debug|Any CPU
		{6ADF1787-AB60-4C84-8DAE-A01BA99C99D5}.Release|Any CPU.ActiveCfg = Release|Any CPU
		{6ADF1787-AB60-4C84-8DAE-A01BA99C99D5}.Release|Any CPU.Build.0 = Release|Any CPU
		{15B99F16-9F7F-4E65-B8A1-6FBC09350476}.Debug|Any CPU.ActiveCfg = Debug|Any CPU
		{15B99F16-9F7F-4E65-B8A1-6FBC09350476}.Debug|Any CPU.Build.0 = Debug|Any CPU
		{15B99F16-9F7F-4E65-B8A1-6FBC09350476}.Release|Any CPU.ActiveCfg = Release|Any CPU
		{15B99F16-9F7F-4E65-B8A1-6FBC09350476}.Release|Any CPU.Build.0 = Release|Any CPU
	EndGlobalSection
EndGlobal
